// !$*UTF8*$!
{
	archiveVersion = 1;
	classes = {
	};
	objectVersion = 50;
	objects = {

/* Begin PBXBuildFile section */
		43A157DD23F2A75A00EAC36E /* main.c in Sources */ = {isa = PBXBuildFile; fileRef = 43A157DC23F2A75A00EAC36E /* main.c */; };
/* End PBXBuildFile section */

/* Begin PBXCopyFilesBuildPhase section */
		43A157D723F2A75A00EAC36E /* CopyFiles */ = {
			isa = PBXCopyFilesBuildPhase;
			buildActionMask = 2147483647;
			dstPath = /usr/share/man/man1/;
			dstSubfolderSpec = 0;
			files = (
			);
			runOnlyForDeploymentPostprocessing = 1;
		};
/* End PBXCopyFilesBuildPhase section */

/* Begin PBXFileReference section */
		4386CC3623F65E6500C76CF5 /* 预定义常量.h */ = {isa = PBXFileReference; lastKnownFileType = sourcecode.c.h; path = "预定义常量.h"; sourceTree = "<group>"; };
		4386CC3723F65E9600C76CF5 /* 词法分析.h */ = {isa = PBXFileReference; lastKnownFileType = sourcecode.c.h; path = "词法分析.h"; sourceTree = "<group>"; };
		4386CC3923F660FA00C76CF5 /* Tree_function.h */ = {isa = PBXFileReference; lastKnownFileType = sourcecode.c.h; path = Tree_function.h; sourceTree = "<group>"; };
		4386CC3A23F661BF00C76CF5 /* variable.h */ = {isa = PBXFileReference; lastKnownFileType = sourcecode.c.h; path = variable.h; sourceTree = "<group>"; };
		4386CC3B23F6621C00C76CF5 /* complex_sentences.h */ = {isa = PBXFileReference; lastKnownFileType = sourcecode.c.h; path = complex_sentences.h; sourceTree = "<group>"; };
		4386CC3C23F6625E00C76CF5 /* function.h */ = {isa = PBXFileReference; lastKnownFileType = sourcecode.c.h; path = function.h; sourceTree = "<group>"; };
		4386CC3D23F662E500C76CF5 /* expression.h */ = {isa = PBXFileReference; lastKnownFileType = sourcecode.c.h; path = expression.h; sourceTree = "<group>"; };
		4386CC3E23F7D17700C76CF5 /* 栈.h */ = {isa = PBXFileReference; lastKnownFileType = sourcecode.c.h; path = "栈.h"; sourceTree = "<group>"; };
		43A157D923F2A75A00EAC36E /* 课设 */ = {isa = PBXFileReference; explicitFileType = "compiled.mach-o.executable"; includeInIndex = 0; path = "课设"; sourceTree = BUILT_PRODUCTS_DIR; };
		43A157DC23F2A75A00EAC36E /* main.c */ = {isa = PBXFileReference; lastKnownFileType = sourcecode.c.c; path = main.c; sourceTree = "<group>"; };
/* End PBXFileReference section */

/* Begin PBXFrameworksBuildPhase section */
		43A157D623F2A75A00EAC36E /* Frameworks */ = {
			isa = PBXFrameworksBuildPhase;
			buildActionMask = 2147483647;
			files = (
			);
			runOnlyForDeploymentPostprocessing = 0;
		};
/* End PBXFrameworksBuildPhase section */

/* Begin PBXGroup section */
		43A157D023F2A75A00EAC36E = {
			isa = PBXGroup;
			children = (
				43A157DB23F2A75A00EAC36E /* 课设 */,
				43A157DA23F2A75A00EAC36E /* Products */,
			);
			sourceTree = "<group>";
		};
		43A157DA23F2A75A00EAC36E /* Products */ = {
			isa = PBXGroup;
			children = (
				43A157D923F2A75A00EAC36E /* 课设 */,
			);
			name = Products;
			sourceTree = "<group>";
		};
		43A157DB23F2A75A00EAC36E /* 课设 */ = {
			isa = PBXGroup;
			children = (
				43A157DC23F2A75A00EAC36E /* main.c */,
				4386CC3E23F7D17700C76CF5 /* 栈.h */,
				4386CC3D23F662E500C76CF5 /* expression.h */,
				4386CC3C23F6625E00C76CF5 /* function.h */,
				4386CC3B23F6621C00C76CF5 /* complex_sentences.h */,
				4386CC3A23F661BF00C76CF5 /* variable.h */,
				4386CC3923F660FA00C76CF5 /* Tree_function.h */,
				4386CC3723F65E9600C76CF5 /* 词法分析.h */,
				4386CC3623F65E6500C76CF5 /* 预定义常量.h */,
			);
			path = "课设";
			sourceTree = "<group>";
		};
/* End PBXGroup section */

/* Begin PBXNativeTarget section */
		43A157D823F2A75A00EAC36E /* 课设 */ = {
			isa = PBXNativeTarget;
			buildConfigurationList = 43A157E023F2A75A00EAC36E /* Build configuration list for PBXNativeTarget "课设" */;
			buildPhases = (
				43A157D523F2A75A00EAC36E /* Sources */,
				43A157D623F2A75A00EAC36E /* Frameworks */,
				43A157D723F2A75A00EAC36E /* CopyFiles */,
			);
			buildRules = (
			);
			dependencies = (
			);
			name = "课设";
			productName = "课设";
			productReference = 43A157D923F2A75A00EAC36E /* 课设 */;
			productType = "com.apple.product-type.tool";
		};
/* End PBXNativeTarget section */

/* Begin PBXProject section */
		43A157D123F2A75A00EAC36E /* Project object */ = {
			isa = PBXProject;
			attributes = {
				LastUpgradeCheck = 1030;
				ORGANIZATIONNAME = "黄俊淇的Mac";
				TargetAttributes = {
					43A157D823F2A75A00EAC36E = {
						CreatedOnToolsVersion = 10.3;
					};
				};
			};
			buildConfigurationList = 43A157D423F2A75A00EAC36E /* Build configuration list for PBXProject "课设" */;
			compatibilityVersion = "Xcode 9.3";
			developmentRegion = en;
			hasScannedForEncodings = 0;
			knownRegions = (
				en,
			);
			mainGroup = 43A157D023F2A75A00EAC36E;
			productRefGroup = 43A157DA23F2A75A00EAC36E /* Products */;
			projectDirPath = "";
			projectRoot = "";
			targets = (
				43A157D823F2A75A00EAC36E /* 课设 */,
			);
		};
/* End PBXProject section */

/* Begin PBXSourcesBuildPhase section */
		43A157D523F2A75A00EAC36E /* Sources */ = {
			isa = PBXSourcesBuildPhase;
			buildActionMask = 2147483647;
			files = (
				43A157DD23F2A75A00EAC36E /* main.c in Sources */,
			);
			runOnlyForDeploymentPostprocessing = 0;
		};
/* End PBXSourcesBuildPhase section */

/* Begin XCBuildConfiguration section */
		43A157DE23F2A75A00EAC36E /* Debug */ = {
			isa = XCBuildConfiguration;
			buildSettings = {
				ALWAYS_SEARCH_USER_PATHS = NO;
				CLANG_ANALYZER_NONNULL = YES;
				CLANG_ANALYZER_NUMBER_OBJECT_CONVERSION = YES_AGGRESSIVE;
				CLANG_CXX_LANGUAGE_STANDARD = "gnu++14";
				CLANG_CXX_LIBRARY = "libc++";
				CLANG_ENABLE_MODULES = YES;
				CLANG_ENABLE_OBJC_ARC = YES;
				CLANG_ENABLE_OBJC_WEAK = YES;
				CLANG_WARN_BLOCK_CAPTURE_AUTORELEASING = YES;
				CLANG_WARN_BOOL_CONVERSION = YES;
				CLANG_WARN_COMMA = YES;
				CLANG_WARN_CONSTANT_CONVERSION = YES;
				CLANG_WARN_DEPRECATED_OBJC_IMPLEMENTATIONS = YES;
				CLANG_WARN_DIRECT_OBJC_ISA_USAGE = YES_ERROR;
				CLANG_WARN_DOCUMENTATION_COMMENTS = YES;
				CLANG_WARN_EMPTY_BODY = YES;
				CLANG_WARN_ENUM_CONVERSION = YES;
				CLANG_WARN_INFINITE_RECURSION = YES;
				CLANG_WARN_INT_CONVERSION = YES;
				CLANG_WARN_NON_LITERAL_NULL_CONVERSION = YES;
				CLANG_WARN_OBJC_IMPLICIT_RETAIN_SELF = YES;
				CLANG_WARN_OBJC_LITERAL_CONVERSION = YES;
				CLANG_WARN_OBJC_ROOT_CLASS = YES_ERROR;
				CLANG_WARN_RANGE_LOOP_ANALYSIS = YES;
				CLANG_WARN_STRICT_PROTOTYPES = YES;
				CLANG_WARN_SUSPICIOUS_MOVE = YES;
				CLANG_WARN_UNGUARDED_AVAILABILITY = YES_AGGRESSIVE;
				CLANG_WARN_UNREACHABLE_CODE = YES;
				CLANG_WARN__DUPLICATE_METHOD_MATCH = YES;
				CODE_SIGN_IDENTITY = "-";
				COPY_PHASE_STRIP = NO;
				DEBUG_INFORMATION_FORMAT = dwarf;
				ENABLE_STRICT_OBJC_MSGSEND = YES;
				ENABLE_TESTABILITY = YES;
				GCC_C_LANGUAGE_STANDARD = gnu11;
				GCC_DYNAMIC_NO_PIC = NO;
				GCC_NO_COMMON_BLOCKS = YES;
				GCC_OPTIMIZATION_LEVEL = 0;
				GCC_PREPROCESSOR_DEFINITIONS = (
					"DEBUG=1",
					"$(inherited)",
				);
				GCC_WARN_64_TO_32_BIT_CONVERSION = YES;
				GCC_WARN_ABOUT_RETURN_TYPE = YES_ERROR;
				GCC_WARN_UNDECLARED_SELECTOR = YES;
				GCC_WARN_UNINITIALIZED_AUTOS = YES_AGGRESSIVE;
				GCC_WARN_UNUSED_FUNCTION = YES;
				GCC_WARN_UNUSED_VARIABLE = YES;
				MACOSX_DEPLOYMENT_TARGET = 10.14;
				MTL_ENABLE_DEBUG_INFO = INCLUDE_SOURCE;
				MTL_FAST_MATH = YES;
				ONLY_ACTIVE_ARCH = YES;
				SDKROOT = macosx;
			};
			name = Debug;
		};
		43A157DF23F2A75A00EAC36E /* Release */ = {
			isa = XCBuildConfiguration;
			buildSettings = {
				ALWAYS_SEARCH_USER_PATHS = NO;
				CLANG_ANALYZER_NONNULL = YES;
				CLANG_ANALYZER_NUMBER_OBJECT_CONVERSION = YES_AGGRESSIVE;
				CLANG_CXX_LANGUAGE_STANDARD = "gnu++14";
				CLANG_CXX_LIBRARY = "libc++";
				CLANG_ENABLE_MODULES = YES;
				CLANG_ENABLE_OBJC_ARC = YES;
				CLANG_ENABLE_OBJC_WEAK = YES;
				CLANG_WARN_BLOCK_CAPTURE_AUTORELEASING = YES;
				CLANG_WARN_BOOL_CONVERSION = YES;
				CLANG_WARN_COMMA = YES;
				CLANG_WARN_CONSTANT_CONVERSION = YES;
				CLANG_WARN_DEPRECATED_OBJC_IMPLEMENTATIONS = YES;
				CLANG_WARN_DIRECT_OBJC_ISA_USAGE = YES_ERROR;
				CLANG_WARN_DOCUMENTATION_COMMENTS = YES;
				CLANG_WARN_EMPTY_BODY = YES;
				CLANG_WARN_ENUM_CONVERSION = YES;
				CLANG_WARN_INFINITE_RECURSION = YES;
				CLANG_WARN_INT_CONVERSION = YES;
				CLANG_WARN_NON_LITERAL_NULL_CONVERSION = YES;
				CLANG_WARN_OBJC_IMPLICIT_RETAIN_SELF = YES;
				CLANG_WARN_OBJC_LITERAL_CONVERSION = YES;
				CLANG_WARN_OBJC_ROOT_CLASS = YES_ERROR;
				CLANG_WARN_RANGE_LOOP_ANALYSIS = YES;
				CLANG_WARN_STRICT_PROTOTYPES = YES;
				CLANG_WARN_SUSPICIOUS_MOVE = YES;
				CLANG_WARN_UNGUARDED_AVAILABILITY = YES_AGGRESSIVE;
				CLANG_WARN_UNREACHABLE_CODE = YES;
				CLANG_WARN__DUPLICATE_METHOD_MATCH = YES;
				CODE_SIGN_IDENTITY = "-";
				COPY_PHASE_STRIP = NO;
				DEBUG_INFORMATION_FORMAT = "dwarf-with-dsym";
				ENABLE_NS_ASSERTIONS = NO;
				ENABLE_STRICT_OBJC_MSGSEND = YES;
				GCC_C_LANGUAGE_STANDARD = gnu11;
				GCC_NO_COMMON_BLOCKS = YES;
				GCC_WARN_64_TO_32_BIT_CONVERSION = YES;
				GCC_WARN_ABOUT_RETURN_TYPE = YES_ERROR;
				GCC_WARN_UNDECLARED_SELECTOR = YES;
				GCC_WARN_UNINITIALIZED_AUTOS = YES_AGGRESSIVE;
				GCC_WARN_UNUSED_FUNCTION = YES;
				GCC_WARN_UNUSED_VARIABLE = YES;
				MACOSX_DEPLOYMENT_TARGET = 10.14;
				MTL_ENABLE_DEBUG_INFO = NO;
				MTL_FAST_MATH = YES;
				SDKROOT = macosx;
			};
			name = Release;
		};
		43A157E123F2A75A00EAC36E /* Debug */ = {
			isa = XCBuildConfiguration;
			buildSettings = {
				CODE_SIGN_STYLE = Automatic;
				PRODUCT_NAME = "$(TARGET_NAME)";
			};
			name = Debug;
		};
		43A157E223F2A75A00EAC36E /* Release */ = {
			isa = XCBuildConfiguration;
			buildSettings = {
				CODE_SIGN_STYLE = Automatic;
				PRODUCT_NAME = "$(TARGET_NAME)";
			};
			name = Release;
		};
/* End XCBuildConfiguration section */

/* Begin XCConfigurationList section */
		43A157D423F2A75A00EAC36E /* Build configuration list for PBXProject "课设" */ = {
			isa = XCConfigurationList;
			buildConfigurations = (
				43A157DE23F2A75A00EAC36E /* Debug */,
				43A157DF23F2A75A00EAC36E /* Release */,
			);
			defaultConfigurationIsVisible = 0;
			defaultConfigurationName = Release;
		};
		43A157E023F2A75A00EAC36E /* Build configuration list for PBXNativeTarget "课设" */ = {
			isa = XCConfigurationList;
			buildConfigurations = (
				43A157E123F2A75A00EAC36E /* Debug */,
				43A157E223F2A75A00EAC36E /* Release */,
			);
			defaultConfigurationIsVisible = 0;
			defaultConfigurationName = Release;
		};
/* End XCConfigurationList section */
	};
	rootObject = 43A157D123F2A75A00EAC36E /* Project object */;
}
